
Microsoft Visual Studio Solution File, Format Version 12.00
# Visual Studio Version 17
VisualStudioVersion = 17.13.35806.99 d17.13
MinimumVisualStudioVersion = 10.0.40219.1
Project("{FAE04EC0-301F-11D3-BF4B-00C04F79EFBC}") = "MyProjectCP.Lib", "MyProjectCP.Lib\MyProjectCP.Lib.csproj", "{9DF45AB9-6BA7-49B2-9126-AB48F5B0D0F6}"
EndProject
Global
	GlobalSection(SolutionConfigurationPlatforms) = preSolution
		Debug|Any CPU = Debug|Any CPU
		Release|Any CPU = Release|Any CPU
	EndGlobalSection
	GlobalSection(ProjectConfigurationPlatforms) = postSolution
		{9DF45AB9-6BA7-49B2-9126-AB48F5B0D0F6}.Debug|Any CPU.ActiveCfg = Debug|Any CPU
		{9DF45AB9-6BA7-49B2-9126-AB48F5B0D0F6}.Debug|Any CPU.Build.0 = Debug|Any CPU
		{9DF45AB9-6BA7-49B2-9126-AB48F5B0D0F6}.Release|Any CPU.ActiveCfg = Release|Any CPU
		{9DF45AB9-6BA7-49B2-9126-AB48F5B0D0F6}.Release|Any CPU.Build.0 = Release|Any CPU
	EndGlobalSection
	GlobalSection(SolutionProperties) = preSolution
		HideSolutionNode = FALSE
	EndGlobalSection
	GlobalSection(ExtensibilityGlobals) = postSolution
		SolutionGuid = {ADDB64B8-C1C8-4C34-AE53-008ABBB41B41}
	EndGlobalSection
EndGlobal
